<?xml version="1.0" encoding="utf-8"?>
<Project ToolsVersion="4.0" xmlns="http://schemas.microsoft.com/developer/msbuild/2003">
  <ItemGroup>
    <ClCompile Include="GLBIshader.cpp" />
    <ClCompile Include="main.cpp" />
  </ItemGroup>
  <ItemGroup>
    <ClInclude Include="GLBIshader.h" />
    <ClInclude Include="stb_image.h" />
  </ItemGroup>
  <ItemGroup>
    <Text Include="version.txt" />
  </ItemGroup>
  <ItemGroup>
    <Filter Include="shader">
      <UniqueIdentifier>{c081e2e1-ae71-4083-b21a-ce2e18788736}</UniqueIdentifier>
    </Filter>
    <Filter Include="texture">
      <UniqueIdentifier>{58d19920-0752-4bc7-bbbb-b775e47e579d}</UniqueIdentifier>
    </Filter>
  </ItemGroup>
  <ItemGroup>
    <None Include="shader\OpenGLPersetFragmentShader(simple).gls">
      <Filter>shader</Filter>
    </None>
    <None Include="shader\OpenGLPersetVertexShader(simple).gls">
      <Filter>shader</Filter>
    </None>
    <None Include="packages.config" />
  </ItemGroup>
  <ItemGroup>
    <Image Include="texture\Angel.jpg">
      <Filter>texture</Filter>
    </Image>
    <Image Include="texture\Angel.png">
      <Filter>texture</Filter>
    </Image>
    <Image Include="texture\container.jpg">
      <Filter>texture</Filter>
    </Image>
    <Image Include="texture\lalala.png">
      <Filter>texture</Filter>
    </Image>
  </ItemGroup>
</Project>