<?xml version="1.0" encoding="utf-8"?>
<Project ToolsVersion="4.0" xmlns="http://schemas.microsoft.com/developer/msbuild/2003">
  <ItemGroup>
    <ClCompile Include="GLBIshader.cpp" />
    <ClCompile Include="main.cpp" />
  </ItemGroup>
  <ItemGroup>
    <ClInclude Include="GLBIshader.h" />
    <ClInclude Include="stb_image.h" />
  </ItemGroup>
  <ItemGroup>
    <Text Include="version.txt" />
  </ItemGroup>
  <ItemGroup>
    <None Include="shader\OpenGLPersetFragmentShader(simple).gls" />
    <None Include="shader\OpenGLPersetVertexShader(simple).gls" />
  </ItemGroup>
</Project>